{
    "_meta": {
        "hash": {
            "sha256": "98742265316ea3722df49ac0528a1b4796f8d7be8919c70269c745631e463ba2"
        },
        "pipfile-spec": 6,
        "requires": {
            "python_version": "3.11"
        },
        "sources": [
            {
                "name": "pypi",
                "url": "https://pypi.org/simple",
                "verify_ssl": true
            }
        ]
    },
    "default": {
        "fonttools": {
            "hashes": [
                "sha256:64c0c05c337f826183637570ac5ab49ee220eec66cf50248e8df527edfa95aeb",
                "sha256:9234b9f57b74e31b192c3fc32ef1a40750a8fbc1cd9837a7b7bfc4ca4a5c51d7"
            ],
            "index": "pypi",
            "version": "==4.39.3"
        }
    },
    "develop": {}
}
